// !$*UTF8*$!
{
	archiveVersion = 1;
	classes = {
	};
	objectVersion = 50;
	objects = {

/* Begin PBXBuildFile section */
		F94C34822B58A1D7001CF781 /* FavoriteStorage.swift in Sources */ = {isa = PBXBuildFile; fileRef = F94C34812B58A1D7001CF781 /* FavoriteStorage.swift */; };
		F94C34872B596A8F001CF781 /* SelectCategoryViewController.swift in Sources */ = {isa = PBXBuildFile; fileRef = F94C34862B596A8F001CF781 /* SelectCategoryViewController.swift */; };
		F94C348B2B597509001CF781 /* SelectedCategoryView.swift in Sources */ = {isa = PBXBuildFile; fileRef = F94C348A2B597509001CF781 /* SelectedCategoryView.swift */; };
		F94C348E2B59AFDC001CF781 /* SelectCategoryTableViewCell.swift in Sources */ = {isa = PBXBuildFile; fileRef = F94C348D2B59AFDC001CF781 /* SelectCategoryTableViewCell.swift */; };
		F94C34912B5C0A10001CF781 /* Category.swift in Sources */ = {isa = PBXBuildFile; fileRef = F94C34902B5C0A10001CF781 /* Category.swift */; };
		F987D25E2B3B79600063122B /* AppDelegate.swift in Sources */ = {isa = PBXBuildFile; fileRef = F987D25D2B3B79600063122B /* AppDelegate.swift */; };
		F987D2602B3B79600063122B /* SceneDelegate.swift in Sources */ = {isa = PBXBuildFile; fileRef = F987D25F2B3B79600063122B /* SceneDelegate.swift */; };
		F987D2672B3B79620063122B /* Assets.xcassets in Resources */ = {isa = PBXBuildFile; fileRef = F987D2662B3B79620063122B /* Assets.xcassets */; };
		F987D26A2B3B79620063122B /* LaunchScreen.storyboard in Resources */ = {isa = PBXBuildFile; fileRef = F987D2682B3B79620063122B /* LaunchScreen.storyboard */; };
		F987D2772B3B844E0063122B /* ArticleListViewController.swift in Sources */ = {isa = PBXBuildFile; fileRef = F987D2762B3B844E0063122B /* ArticleListViewController.swift */; };
		F987D27B2B3CCBB50063122B /* Colors.swift in Sources */ = {isa = PBXBuildFile; fileRef = F987D27A2B3CCBB50063122B /* Colors.swift */; };
		F991032B2B5033DB00F8DE2F /* SettingsViewController.swift in Sources */ = {isa = PBXBuildFile; fileRef = F991032A2B5033DB00F8DE2F /* SettingsViewController.swift */; };
		F99103302B50427500F8DE2F /* CarouselArticleListViewController.swift in Sources */ = {isa = PBXBuildFile; fileRef = F991032F2B50427500F8DE2F /* CarouselArticleListViewController.swift */; };
		F99103332B5042C900F8DE2F /* ArticleListViewControllerProvider.swift in Sources */ = {isa = PBXBuildFile; fileRef = F99103322B5042C900F8DE2F /* ArticleListViewControllerProvider.swift */; };
		F99103372B53266100F8DE2F /* CarouselArticleListCollectionViewCell.swift in Sources */ = {isa = PBXBuildFile; fileRef = F99103362B53266100F8DE2F /* CarouselArticleListCollectionViewCell.swift */; };
		F9969B462B5D5E81007B002C /* ArticleListDataController.swift in Sources */ = {isa = PBXBuildFile; fileRef = F9969B452B5D5E81007B002C /* ArticleListDataController.swift */; };
		F9969B4C2B5DE0CA007B002C /* SearchResultViewController.swift in Sources */ = {isa = PBXBuildFile; fileRef = F9969B4B2B5DE0CA007B002C /* SearchResultViewController.swift */; };
		F9E1F1272B3CCD6C001FB6BD /* MainTabBarController.swift in Sources */ = {isa = PBXBuildFile; fileRef = F9E1F1262B3CCD6C001FB6BD /* MainTabBarController.swift */; };
		F9E1F12C2B3CD5DE001FB6BD /* FavoriteArticleListViewController.swift in Sources */ = {isa = PBXBuildFile; fileRef = F9E1F12B2B3CD5DE001FB6BD /* FavoriteArticleListViewController.swift */; };
		F9E1F1302B3CE0F9001FB6BD /* ArticleListTableViewCell.swift in Sources */ = {isa = PBXBuildFile; fileRef = F9E1F12F2B3CE0F9001FB6BD /* ArticleListTableViewCell.swift */; };
		F9E1F1342B3CE160001FB6BD /* ArticleResult.swift in Sources */ = {isa = PBXBuildFile; fileRef = F9E1F1332B3CE160001FB6BD /* ArticleResult.swift */; };
		F9E1F1392B3DABB3001FB6BD /* ArticleInfoViewController.swift in Sources */ = {isa = PBXBuildFile; fileRef = F9E1F1382B3DABB3001FB6BD /* ArticleInfoViewController.swift */; };
		F9E1F13C2B3DABE0001FB6BD /* ArticleInfoView.swift in Sources */ = {isa = PBXBuildFile; fileRef = F9E1F13B2B3DABE0001FB6BD /* ArticleInfoView.swift */; };
		F9E1F1412B41A093001FB6BD /* ArticleListNetworkService.swift in Sources */ = {isa = PBXBuildFile; fileRef = F9E1F1402B41A093001FB6BD /* ArticleListNetworkService.swift */; };
		F9E1F1452B41A977001FB6BD /* ArticlesResult.swift in Sources */ = {isa = PBXBuildFile; fileRef = F9E1F1442B41A977001FB6BD /* ArticlesResult.swift */; };
		F9E1F14A2B447269001FB6BD /* Article.swift in Sources */ = {isa = PBXBuildFile; fileRef = F9E1F1492B447269001FB6BD /* Article.swift */; };
		F9E1F14F2B45BECB001FB6BD /* ImagesProvider.swift in Sources */ = {isa = PBXBuildFile; fileRef = F9E1F14E2B45BECB001FB6BD /* ImagesProvider.swift */; };
/* End PBXBuildFile section */

/* Begin PBXFileReference section */
		F94C34812B58A1D7001CF781 /* FavoriteStorage.swift */ = {isa = PBXFileReference; lastKnownFileType = sourcecode.swift; path = FavoriteStorage.swift; sourceTree = "<group>"; };
		F94C34862B596A8F001CF781 /* SelectCategoryViewController.swift */ = {isa = PBXFileReference; lastKnownFileType = sourcecode.swift; path = SelectCategoryViewController.swift; sourceTree = "<group>"; };
		F94C348A2B597509001CF781 /* SelectedCategoryView.swift */ = {isa = PBXFileReference; lastKnownFileType = sourcecode.swift; path = SelectedCategoryView.swift; sourceTree = "<group>"; };
		F94C348D2B59AFDC001CF781 /* SelectCategoryTableViewCell.swift */ = {isa = PBXFileReference; lastKnownFileType = sourcecode.swift; path = SelectCategoryTableViewCell.swift; sourceTree = "<group>"; };
		F94C34902B5C0A10001CF781 /* Category.swift */ = {isa = PBXFileReference; lastKnownFileType = sourcecode.swift; path = Category.swift; sourceTree = "<group>"; };
		F987D25A2B3B79600063122B /* NewsApp.app */ = {isa = PBXFileReference; explicitFileType = wrapper.application; includeInIndex = 0; path = NewsApp.app; sourceTree = BUILT_PRODUCTS_DIR; };
		F987D25D2B3B79600063122B /* AppDelegate.swift */ = {isa = PBXFileReference; lastKnownFileType = sourcecode.swift; path = AppDelegate.swift; sourceTree = "<group>"; };
		F987D25F2B3B79600063122B /* SceneDelegate.swift */ = {isa = PBXFileReference; lastKnownFileType = sourcecode.swift; path = SceneDelegate.swift; sourceTree = "<group>"; };
		F987D2662B3B79620063122B /* Assets.xcassets */ = {isa = PBXFileReference; lastKnownFileType = folder.assetcatalog; path = Assets.xcassets; sourceTree = "<group>"; };
		F987D2692B3B79620063122B /* Base */ = {isa = PBXFileReference; lastKnownFileType = file.storyboard; name = Base; path = Base.lproj/LaunchScreen.storyboard; sourceTree = "<group>"; };
		F987D26B2B3B79620063122B /* Info.plist */ = {isa = PBXFileReference; lastKnownFileType = text.plist.xml; path = Info.plist; sourceTree = "<group>"; };
		F987D2762B3B844E0063122B /* ArticleListViewController.swift */ = {isa = PBXFileReference; lastKnownFileType = sourcecode.swift; path = ArticleListViewController.swift; sourceTree = "<group>"; };
		F987D27A2B3CCBB50063122B /* Colors.swift */ = {isa = PBXFileReference; lastKnownFileType = sourcecode.swift; path = Colors.swift; sourceTree = "<group>"; };
		F991032A2B5033DB00F8DE2F /* SettingsViewController.swift */ = {isa = PBXFileReference; lastKnownFileType = sourcecode.swift; path = SettingsViewController.swift; sourceTree = "<group>"; };
		F991032F2B50427500F8DE2F /* CarouselArticleListViewController.swift */ = {isa = PBXFileReference; lastKnownFileType = sourcecode.swift; path = CarouselArticleListViewController.swift; sourceTree = "<group>"; };
		F99103322B5042C900F8DE2F /* ArticleListViewControllerProvider.swift */ = {isa = PBXFileReference; lastKnownFileType = sourcecode.swift; path = ArticleListViewControllerProvider.swift; sourceTree = "<group>"; };
		F99103362B53266100F8DE2F /* CarouselArticleListCollectionViewCell.swift */ = {isa = PBXFileReference; lastKnownFileType = sourcecode.swift; path = CarouselArticleListCollectionViewCell.swift; sourceTree = "<group>"; };
		F9969B452B5D5E81007B002C /* ArticleListDataController.swift */ = {isa = PBXFileReference; lastKnownFileType = sourcecode.swift; path = ArticleListDataController.swift; sourceTree = "<group>"; };
		F9969B4B2B5DE0CA007B002C /* SearchResultViewController.swift */ = {isa = PBXFileReference; lastKnownFileType = sourcecode.swift; path = SearchResultViewController.swift; sourceTree = "<group>"; };
		F9E1F1262B3CCD6C001FB6BD /* MainTabBarController.swift */ = {isa = PBXFileReference; lastKnownFileType = sourcecode.swift; path = MainTabBarController.swift; sourceTree = "<group>"; };
		F9E1F12B2B3CD5DE001FB6BD /* FavoriteArticleListViewController.swift */ = {isa = PBXFileReference; lastKnownFileType = sourcecode.swift; path = FavoriteArticleListViewController.swift; sourceTree = "<group>"; };
		F9E1F12F2B3CE0F9001FB6BD /* ArticleListTableViewCell.swift */ = {isa = PBXFileReference; lastKnownFileType = sourcecode.swift; path = ArticleListTableViewCell.swift; sourceTree = "<group>"; };
		F9E1F1332B3CE160001FB6BD /* ArticleResult.swift */ = {isa = PBXFileReference; lastKnownFileType = sourcecode.swift; path = ArticleResult.swift; sourceTree = "<group>"; };
		F9E1F1382B3DABB3001FB6BD /* ArticleInfoViewController.swift */ = {isa = PBXFileReference; lastKnownFileType = sourcecode.swift; path = ArticleInfoViewController.swift; sourceTree = "<group>"; };
		F9E1F13B2B3DABE0001FB6BD /* ArticleInfoView.swift */ = {isa = PBXFileReference; lastKnownFileType = sourcecode.swift; path = ArticleInfoView.swift; sourceTree = "<group>"; };
		F9E1F1402B41A093001FB6BD /* ArticleListNetworkService.swift */ = {isa = PBXFileReference; lastKnownFileType = sourcecode.swift; path = ArticleListNetworkService.swift; sourceTree = "<group>"; };
		F9E1F1442B41A977001FB6BD /* ArticlesResult.swift */ = {isa = PBXFileReference; lastKnownFileType = sourcecode.swift; path = ArticlesResult.swift; sourceTree = "<group>"; };
		F9E1F1492B447269001FB6BD /* Article.swift */ = {isa = PBXFileReference; lastKnownFileType = sourcecode.swift; path = Article.swift; sourceTree = "<group>"; };
		F9E1F14E2B45BECB001FB6BD /* ImagesProvider.swift */ = {isa = PBXFileReference; lastKnownFileType = sourcecode.swift; path = ImagesProvider.swift; sourceTree = "<group>"; };
/* End PBXFileReference section */

/* Begin PBXFrameworksBuildPhase section */
		F987D2572B3B79600063122B /* Frameworks */ = {
			isa = PBXFrameworksBuildPhase;
			buildActionMask = 2147483647;
			files = (
			);
			runOnlyForDeploymentPostprocessing = 0;
		};
/* End PBXFrameworksBuildPhase section */

/* Begin PBXGroup section */
		F94C34852B596A6A001CF781 /* Select Category */ = {
			isa = PBXGroup;
			children = (
				F94C34862B596A8F001CF781 /* SelectCategoryViewController.swift */,
				F94C348D2B59AFDC001CF781 /* SelectCategoryTableViewCell.swift */,
			);
			path = "Select Category";
			sourceTree = "<group>";
		};
		F987D2512B3B79600063122B = {
			isa = PBXGroup;
			children = (
				F987D25C2B3B79600063122B /* NewsApp */,
				F987D25B2B3B79600063122B /* Products */,
			);
			sourceTree = "<group>";
		};
		F987D25B2B3B79600063122B /* Products */ = {
			isa = PBXGroup;
			children = (
				F987D25A2B3B79600063122B /* NewsApp.app */,
			);
			name = Products;
			sourceTree = "<group>";
		};
		F987D25C2B3B79600063122B /* NewsApp */ = {
			isa = PBXGroup;
			children = (
				F9969B4A2B5DE0B0007B002C /* Search */,
				F94C34852B596A6A001CF781 /* Select Category */,
				F991032E2B50424E00F8DE2F /* Carousel */,
				F99103292B5033C300F8DE2F /* Settings  */,
				F9E1F1372B3DAB94001FB6BD /* ActicleInfo */,
				F9E1F12A2B3CD5B3001FB6BD /* Favorite */,
				F987D2752B3B841B0063122B /* ArticleList */,
				F987D25D2B3B79600063122B /* AppDelegate.swift */,
				F987D25F2B3B79600063122B /* SceneDelegate.swift */,
				F94C34812B58A1D7001CF781 /* FavoriteStorage.swift */,
				F9E1F14E2B45BECB001FB6BD /* ImagesProvider.swift */,
				F9E1F1332B3CE160001FB6BD /* ArticleResult.swift */,
				F9E1F1442B41A977001FB6BD /* ArticlesResult.swift */,
				F9E1F1492B447269001FB6BD /* Article.swift */,
				F987D2662B3B79620063122B /* Assets.xcassets */,
				F987D2682B3B79620063122B /* LaunchScreen.storyboard */,
				F987D26B2B3B79620063122B /* Info.plist */,
				F987D27A2B3CCBB50063122B /* Colors.swift */,
				F9E1F1262B3CCD6C001FB6BD /* MainTabBarController.swift */,
				F99103322B5042C900F8DE2F /* ArticleListViewControllerProvider.swift */,
				F94C348A2B597509001CF781 /* SelectedCategoryView.swift */,
				F94C34902B5C0A10001CF781 /* Category.swift */,
			);
			path = NewsApp;
			sourceTree = "<group>";
		};
		F987D2752B3B841B0063122B /* ArticleList */ = {
			isa = PBXGroup;
			children = (
				F9E1F12E2B3CE0C7001FB6BD /* Views */,
				F987D2762B3B844E0063122B /* ArticleListViewController.swift */,
				F9E1F1402B41A093001FB6BD /* ArticleListNetworkService.swift */,
				F9969B452B5D5E81007B002C /* ArticleListDataController.swift */,
			);
			path = ArticleList;
			sourceTree = "<group>";
		};
		F99103292B5033C300F8DE2F /* Settings  */ = {
			isa = PBXGroup;
			children = (
				F991032A2B5033DB00F8DE2F /* SettingsViewController.swift */,
			);
			path = "Settings ";
			sourceTree = "<group>";
		};
		F991032E2B50424E00F8DE2F /* Carousel */ = {
			isa = PBXGroup;
			children = (
				F99103352B53263100F8DE2F /* Views */,
				F991032F2B50427500F8DE2F /* CarouselArticleListViewController.swift */,
			);
			path = Carousel;
			sourceTree = "<group>";
		};
		F99103352B53263100F8DE2F /* Views */ = {
			isa = PBXGroup;
			children = (
				F99103362B53266100F8DE2F /* CarouselArticleListCollectionViewCell.swift */,
			);
			path = Views;
			sourceTree = "<group>";
		};
		F9969B4A2B5DE0B0007B002C /* Search */ = {
			isa = PBXGroup;
			children = (
				F9969B4B2B5DE0CA007B002C /* SearchResultViewController.swift */,
			);
			path = Search;
			sourceTree = "<group>";
		};
		F9E1F12A2B3CD5B3001FB6BD /* Favorite */ = {
			isa = PBXGroup;
			children = (
				F9E1F12B2B3CD5DE001FB6BD /* FavoriteArticleListViewController.swift */,
			);
			path = Favorite;
			sourceTree = "<group>";
		};
		F9E1F12E2B3CE0C7001FB6BD /* Views */ = {
			isa = PBXGroup;
			children = (
				F9E1F12F2B3CE0F9001FB6BD /* ArticleListTableViewCell.swift */,
			);
			path = Views;
			sourceTree = "<group>";
		};
		F9E1F1372B3DAB94001FB6BD /* ActicleInfo */ = {
			isa = PBXGroup;
			children = (
				F9E1F1382B3DABB3001FB6BD /* ArticleInfoViewController.swift */,
				F9E1F13B2B3DABE0001FB6BD /* ArticleInfoView.swift */,
			);
			path = ActicleInfo;
			sourceTree = "<group>";
		};
/* End PBXGroup section */

/* Begin PBXNativeTarget section */
		F987D2592B3B79600063122B /* NewsApp */ = {
			isa = PBXNativeTarget;
			buildConfigurationList = F987D26E2B3B79620063122B /* Build configuration list for PBXNativeTarget "NewsApp" */;
			buildPhases = (
				F987D2562B3B79600063122B /* Sources */,
				F987D2572B3B79600063122B /* Frameworks */,
				F987D2582B3B79600063122B /* Resources */,
			);
			buildRules = (
			);
			dependencies = (
			);
			name = NewsApp;
			productName = NewsApp;
			productReference = F987D25A2B3B79600063122B /* NewsApp.app */;
			productType = "com.apple.product-type.application";
		};
/* End PBXNativeTarget section */

/* Begin PBXProject section */
		F987D2522B3B79600063122B /* Project object */ = {
			isa = PBXProject;
			attributes = {
				LastSwiftUpdateCheck = 1210;
				LastUpgradeCheck = 1210;
				TargetAttributes = {
					F987D2592B3B79600063122B = {
						CreatedOnToolsVersion = 12.1;
					};
				};
			};
			buildConfigurationList = F987D2552B3B79600063122B /* Build configuration list for PBXProject "NewsApp" */;
			compatibilityVersion = "Xcode 9.3";
			developmentRegion = en;
			hasScannedForEncodings = 0;
			knownRegions = (
				en,
				Base,
			);
			mainGroup = F987D2512B3B79600063122B;
			productRefGroup = F987D25B2B3B79600063122B /* Products */;
			projectDirPath = "";
			projectRoot = "";
			targets = (
				F987D2592B3B79600063122B /* NewsApp */,
			);
		};
/* End PBXProject section */

/* Begin PBXResourcesBuildPhase section */
		F987D2582B3B79600063122B /* Resources */ = {
			isa = PBXResourcesBuildPhase;
			buildActionMask = 2147483647;
			files = (
				F987D26A2B3B79620063122B /* LaunchScreen.storyboard in Resources */,
				F987D2672B3B79620063122B /* Assets.xcassets in Resources */,
			);
			runOnlyForDeploymentPostprocessing = 0;
		};
/* End PBXResourcesBuildPhase section */

/* Begin PBXSourcesBuildPhase section */
		F987D2562B3B79600063122B /* Sources */ = {
			isa = PBXSourcesBuildPhase;
			buildActionMask = 2147483647;
			files = (
				F9E1F14A2B447269001FB6BD /* Article.swift in Sources */,
				F9E1F1412B41A093001FB6BD /* ArticleListNetworkService.swift in Sources */,
				F94C34872B596A8F001CF781 /* SelectCategoryViewController.swift in Sources */,
				F99103332B5042C900F8DE2F /* ArticleListViewControllerProvider.swift in Sources */,
				F9E1F14F2B45BECB001FB6BD /* ImagesProvider.swift in Sources */,
				F9E1F1452B41A977001FB6BD /* ArticlesResult.swift in Sources */,
				F99103372B53266100F8DE2F /* CarouselArticleListCollectionViewCell.swift in Sources */,
				F9969B4C2B5DE0CA007B002C /* SearchResultViewController.swift in Sources */,
				F94C348B2B597509001CF781 /* SelectedCategoryView.swift in Sources */,
				F987D2772B3B844E0063122B /* ArticleListViewController.swift in Sources */,
				F987D27B2B3CCBB50063122B /* Colors.swift in Sources */,
				F9E1F1272B3CCD6C001FB6BD /* MainTabBarController.swift in Sources */,
				F99103302B50427500F8DE2F /* CarouselArticleListViewController.swift in Sources */,
				F987D25E2B3B79600063122B /* AppDelegate.swift in Sources */,
				F991032B2B5033DB00F8DE2F /* SettingsViewController.swift in Sources */,
				F94C34912B5C0A10001CF781 /* Category.swift in Sources */,
				F9E1F1342B3CE160001FB6BD /* ArticleResult.swift in Sources */,
				F9969B462B5D5E81007B002C /* ArticleListDataController.swift in Sources */,
				F94C348E2B59AFDC001CF781 /* SelectCategoryTableViewCell.swift in Sources */,
				F9E1F1392B3DABB3001FB6BD /* ArticleInfoViewController.swift in Sources */,
				F94C34822B58A1D7001CF781 /* FavoriteStorage.swift in Sources */,
				F987D2602B3B79600063122B /* SceneDelegate.swift in Sources */,
				F9E1F1302B3CE0F9001FB6BD /* ArticleListTableViewCell.swift in Sources */,
				F9E1F12C2B3CD5DE001FB6BD /* FavoriteArticleListViewController.swift in Sources */,
				F9E1F13C2B3DABE0001FB6BD /* ArticleInfoView.swift in Sources */,
			);
			runOnlyForDeploymentPostprocessing = 0;
		};
/* End PBXSourcesBuildPhase section */

/* Begin PBXVariantGroup section */
		F987D2682B3B79620063122B /* LaunchScreen.storyboard */ = {
			isa = PBXVariantGroup;
			children = (
				F987D2692B3B79620063122B /* Base */,
			);
			name = LaunchScreen.storyboard;
			sourceTree = "<group>";
		};
/* End PBXVariantGroup section */

/* Begin XCBuildConfiguration section */
		F987D26C2B3B79620063122B /* Debug */ = {
			isa = XCBuildConfiguration;
			buildSettings = {
				ALWAYS_SEARCH_USER_PATHS = NO;
				CLANG_ANALYZER_NONNULL = YES;
				CLANG_ANALYZER_NUMBER_OBJECT_CONVERSION = YES_AGGRESSIVE;
				CLANG_CXX_LANGUAGE_STANDARD = "gnu++14";
				CLANG_CXX_LIBRARY = "libc++";
				CLANG_ENABLE_MODULES = YES;
				CLANG_ENABLE_OBJC_ARC = YES;
				CLANG_ENABLE_OBJC_WEAK = YES;
				CLANG_WARN_BLOCK_CAPTURE_AUTORELEASING = YES;
				CLANG_WARN_BOOL_CONVERSION = YES;
				CLANG_WARN_COMMA = YES;
				CLANG_WARN_CONSTANT_CONVERSION = YES;
				CLANG_WARN_DEPRECATED_OBJC_IMPLEMENTATIONS = YES;
				CLANG_WARN_DIRECT_OBJC_ISA_USAGE = YES_ERROR;
				CLANG_WARN_DOCUMENTATION_COMMENTS = YES;
				CLANG_WARN_EMPTY_BODY = YES;
				CLANG_WARN_ENUM_CONVERSION = YES;
				CLANG_WARN_INFINITE_RECURSION = YES;
				CLANG_WARN_INT_CONVERSION = YES;
				CLANG_WARN_NON_LITERAL_NULL_CONVERSION = YES;
				CLANG_WARN_OBJC_IMPLICIT_RETAIN_SELF = YES;
				CLANG_WARN_OBJC_LITERAL_CONVERSION = YES;
				CLANG_WARN_OBJC_ROOT_CLASS = YES_ERROR;
				CLANG_WARN_QUOTED_INCLUDE_IN_FRAMEWORK_HEADER = YES;
				CLANG_WARN_RANGE_LOOP_ANALYSIS = YES;
				CLANG_WARN_STRICT_PROTOTYPES = YES;
				CLANG_WARN_SUSPICIOUS_MOVE = YES;
				CLANG_WARN_UNGUARDED_AVAILABILITY = YES_AGGRESSIVE;
				CLANG_WARN_UNREACHABLE_CODE = YES;
				CLANG_WARN__DUPLICATE_METHOD_MATCH = YES;
				COPY_PHASE_STRIP = NO;
				DEBUG_INFORMATION_FORMAT = dwarf;
				ENABLE_STRICT_OBJC_MSGSEND = YES;
				ENABLE_TESTABILITY = YES;
				GCC_C_LANGUAGE_STANDARD = gnu11;
				GCC_DYNAMIC_NO_PIC = NO;
				GCC_NO_COMMON_BLOCKS = YES;
				GCC_OPTIMIZATION_LEVEL = 0;
				GCC_PREPROCESSOR_DEFINITIONS = (
					"DEBUG=1",
					"$(inherited)",
				);
				GCC_WARN_64_TO_32_BIT_CONVERSION = YES;
				GCC_WARN_ABOUT_RETURN_TYPE = YES_ERROR;
				GCC_WARN_UNDECLARED_SELECTOR = YES;
				GCC_WARN_UNINITIALIZED_AUTOS = YES_AGGRESSIVE;
				GCC_WARN_UNUSED_FUNCTION = YES;
				GCC_WARN_UNUSED_VARIABLE = YES;
				IPHONEOS_DEPLOYMENT_TARGET = 14.1;
				MTL_ENABLE_DEBUG_INFO = INCLUDE_SOURCE;
				MTL_FAST_MATH = YES;
				ONLY_ACTIVE_ARCH = YES;
				SDKROOT = iphoneos;
				SWIFT_ACTIVE_COMPILATION_CONDITIONS = DEBUG;
				SWIFT_OPTIMIZATION_LEVEL = "-Onone";
			};
			name = Debug;
		};
		F987D26D2B3B79620063122B /* Release */ = {
			isa = XCBuildConfiguration;
			buildSettings = {
				ALWAYS_SEARCH_USER_PATHS = NO;
				CLANG_ANALYZER_NONNULL = YES;
				CLANG_ANALYZER_NUMBER_OBJECT_CONVERSION = YES_AGGRESSIVE;
				CLANG_CXX_LANGUAGE_STANDARD = "gnu++14";
				CLANG_CXX_LIBRARY = "libc++";
				CLANG_ENABLE_MODULES = YES;
				CLANG_ENABLE_OBJC_ARC = YES;
				CLANG_ENABLE_OBJC_WEAK = YES;
				CLANG_WARN_BLOCK_CAPTURE_AUTORELEASING = YES;
				CLANG_WARN_BOOL_CONVERSION = YES;
				CLANG_WARN_COMMA = YES;
				CLANG_WARN_CONSTANT_CONVERSION = YES;
				CLANG_WARN_DEPRECATED_OBJC_IMPLEMENTATIONS = YES;
				CLANG_WARN_DIRECT_OBJC_ISA_USAGE = YES_ERROR;
				CLANG_WARN_DOCUMENTATION_COMMENTS = YES;
				CLANG_WARN_EMPTY_BODY = YES;
				CLANG_WARN_ENUM_CONVERSION = YES;
				CLANG_WARN_INFINITE_RECURSION = YES;
				CLANG_WARN_INT_CONVERSION = YES;
				CLANG_WARN_NON_LITERAL_NULL_CONVERSION = YES;
				CLANG_WARN_OBJC_IMPLICIT_RETAIN_SELF = YES;
				CLANG_WARN_OBJC_LITERAL_CONVERSION = YES;
				CLANG_WARN_OBJC_ROOT_CLASS = YES_ERROR;
				CLANG_WARN_QUOTED_INCLUDE_IN_FRAMEWORK_HEADER = YES;
				CLANG_WARN_RANGE_LOOP_ANALYSIS = YES;
				CLANG_WARN_STRICT_PROTOTYPES = YES;
				CLANG_WARN_SUSPICIOUS_MOVE = YES;
				CLANG_WARN_UNGUARDED_AVAILABILITY = YES_AGGRESSIVE;
				CLANG_WARN_UNREACHABLE_CODE = YES;
				CLANG_WARN__DUPLICATE_METHOD_MATCH = YES;
				COPY_PHASE_STRIP = NO;
				DEBUG_INFORMATION_FORMAT = "dwarf-with-dsym";
				ENABLE_NS_ASSERTIONS = NO;
				ENABLE_STRICT_OBJC_MSGSEND = YES;
				GCC_C_LANGUAGE_STANDARD = gnu11;
				GCC_NO_COMMON_BLOCKS = YES;
				GCC_WARN_64_TO_32_BIT_CONVERSION = YES;
				GCC_WARN_ABOUT_RETURN_TYPE = YES_ERROR;
				GCC_WARN_UNDECLARED_SELECTOR = YES;
				GCC_WARN_UNINITIALIZED_AUTOS = YES_AGGRESSIVE;
				GCC_WARN_UNUSED_FUNCTION = YES;
				GCC_WARN_UNUSED_VARIABLE = YES;
				IPHONEOS_DEPLOYMENT_TARGET = 14.1;
				MTL_ENABLE_DEBUG_INFO = NO;
				MTL_FAST_MATH = YES;
				SDKROOT = iphoneos;
				SWIFT_COMPILATION_MODE = wholemodule;
				SWIFT_OPTIMIZATION_LEVEL = "-O";
				VALIDATE_PRODUCT = YES;
			};
			name = Release;
		};
		F987D26F2B3B79620063122B /* Debug */ = {
			isa = XCBuildConfiguration;
			buildSettings = {
				ASSETCATALOG_COMPILER_APPICON_NAME = AppIcon;
				ASSETCATALOG_COMPILER_GLOBAL_ACCENT_COLOR_NAME = AccentColor;
				CODE_SIGN_STYLE = Automatic;
				INFOPLIST_FILE = NewsApp/Info.plist;
				LD_RUNPATH_SEARCH_PATHS = (
					"$(inherited)",
					"@executable_path/Frameworks",
				);
				PRODUCT_BUNDLE_IDENTIFIER = khasan.NewsApp;
				PRODUCT_NAME = "$(TARGET_NAME)";
				SWIFT_VERSION = 5.0;
				TARGETED_DEVICE_FAMILY = 1;
			};
			name = Debug;
		};
		F987D2702B3B79620063122B /* Release */ = {
			isa = XCBuildConfiguration;
			buildSettings = {
				ASSETCATALOG_COMPILER_APPICON_NAME = AppIcon;
				ASSETCATALOG_COMPILER_GLOBAL_ACCENT_COLOR_NAME = AccentColor;
				CODE_SIGN_STYLE = Automatic;
				INFOPLIST_FILE = NewsApp/Info.plist;
				LD_RUNPATH_SEARCH_PATHS = (
					"$(inherited)",
					"@executable_path/Frameworks",
				);
				PRODUCT_BUNDLE_IDENTIFIER = khasan.NewsApp;
				PRODUCT_NAME = "$(TARGET_NAME)";
				SWIFT_VERSION = 5.0;
				TARGETED_DEVICE_FAMILY = 1;
			};
			name = Release;
		};
/* End XCBuildConfiguration section */

/* Begin XCConfigurationList section */
		F987D2552B3B79600063122B /* Build configuration list for PBXProject "NewsApp" */ = {
			isa = XCConfigurationList;
			buildConfigurations = (
				F987D26C2B3B79620063122B /* Debug */,
				F987D26D2B3B79620063122B /* Release */,
			);
			defaultConfigurationIsVisible = 0;
			defaultConfigurationName = Release;
		};
		F987D26E2B3B79620063122B /* Build configuration list for PBXNativeTarget "NewsApp" */ = {
			isa = XCConfigurationList;
			buildConfigurations = (
				F987D26F2B3B79620063122B /* Debug */,
				F987D2702B3B79620063122B /* Release */,
			);
			defaultConfigurationIsVisible = 0;
			defaultConfigurationName = Release;
		};
/* End XCConfigurationList section */
	};
	rootObject = F987D2522B3B79600063122B /* Project object */;
}
